
Microsoft Visual Studio Solution File, Format Version 12.00
# Visual Studio Version 17
VisualStudioVersion = 17.14.36203.30 d17.14
MinimumVisualStudioVersion = 10.0.40219.1
Project("{FAE04EC0-301F-11D3-BF4B-00C04F79EFBC}") = "CarApplication", "CarApplication\CarApplication.csproj", "{8B703739-D4C8-4763-93E4-716A806D8B61}"
EndProject
Global
	GlobalSection(SolutionConfigurationPlatforms) = preSolution
		Debug|Any CPU = Debug|Any CPU
		Release|Any CPU = Release|Any CPU
	EndGlobalSection
	GlobalSection(ProjectConfigurationPlatforms) = postSolution
		{8B703739-D4C8-4763-93E4-716A806D8B61}.Debug|Any CPU.ActiveCfg = Debug|Any CPU
		{8B703739-D4C8-4763-93E4-716A806D8B61}.Debug|Any CPU.Build.0 = Debug|Any CPU
		{8B703739-D4C8-4763-93E4-716A806D8B61}.Release|Any CPU.ActiveCfg = Release|Any CPU
		{8B703739-D4C8-4763-93E4-716A806D8B61}.Release|Any CPU.Build.0 = Release|Any CPU
	EndGlobalSection
	GlobalSection(SolutionProperties) = preSolution
		HideSolutionNode = FALSE
	EndGlobalSection
	GlobalSection(ExtensibilityGlobals) = postSolution
		SolutionGuid = {20923130-863F-4CB8-8A8F-AD30806662BE}
	EndGlobalSection
EndGlobal
